PODS:
  - Capacitor (8.0.2):
    - CapacitorCordova
  - CapacitorApp (8.0.1):
    - Capacitor
  - CapacitorBrowser (8.0.3):
    - Capacitor
  - CapacitorCordova (8.0.2)
  - CapacitorKeyboard (8.0.3):
    - Capacitor
  - CapacitorSplashScreen (8.0.1):
    - Capacitor
  - CapacitorStatusBar (8.0.2):
    - Capacitor

DEPENDENCIES:
  - "Capacitor (from `../../node_modules/.pnpm/@capacitor+ios@8.0.2_@capacitor+core@8.0.2/node_modules/@capacitor/ios`)"
  - "CapacitorApp (from `../../node_modules/.pnpm/@capacitor+app@8.0.1_@capacitor+core@8.0.2/node_modules/@capacitor/app`)"
  - "CapacitorBrowser (from `../../node_modules/.pnpm/@capacitor+browser@8.0.3_@capacitor+core@8.0.2/node_modules/@capacitor/browser`)"
  - "CapacitorCordova (from `../../node_modules/.pnpm/@capacitor+ios@8.0.2_@capacitor+core@8.0.2/node_modules/@capacitor/ios`)"
  - "CapacitorKeyboard (from `../../node_modules/.pnpm/@capacitor+keyboard@8.0.3_@capacitor+core@8.0.2/node_modules/@capacitor/keyboard`)"
  - "CapacitorSplashScreen (from `../../node_modules/.pnpm/@capacitor+splash-screen@8.0.1_@capacitor+core@8.0.2/node_modules/@capacitor/splash-screen`)"
  - "CapacitorStatusBar (from `../../node_modules/.pnpm/@capacitor+status-bar@8.0.2_@capacitor+core@8.0.2/node_modules/@capacitor/status-bar`)"

EXTERNAL SOURCES:
  Capacitor:
    :path: "../../node_modules/.pnpm/@capacitor+ios@8.0.2_@capacitor+core@8.0.2/node_modules/@capacitor/ios"
  CapacitorApp:
    :path: "../../node_modules/.pnpm/@capacitor+app@8.0.1_@capacitor+core@8.0.2/node_modules/@capacitor/app"
  CapacitorBrowser:
    :path: "../../node_modules/.pnpm/@capacitor+browser@8.0.3_@capacitor+core@8.0.2/node_modules/@capacitor/browser"
  CapacitorCordova:
    :path: "../../node_modules/.pnpm/@capacitor+ios@8.0.2_@capacitor+core@8.0.2/node_modules/@capacitor/ios"
  CapacitorKeyboard:
    :path: "../../node_modules/.pnpm/@capacitor+keyboard@8.0.3_@capacitor+core@8.0.2/node_modules/@capacitor/keyboard"
  CapacitorSplashScreen:
    :path: "../../node_modules/.pnpm/@capacitor+splash-screen@8.0.1_@capacitor+core@8.0.2/node_modules/@capacitor/splash-screen"
  CapacitorStatusBar:
    :path: "../../node_modules/.pnpm/@capacitor+status-bar@8.0.2_@capacitor+core@8.0.2/node_modules/@capacitor/status-bar"

SPEC CHECKSUMS:
  Capacitor: cfc1ce4a70dbc19fdc4e66e17808937088029752
  CapacitorApp: fcd990168c3249d2c5a7ae94920a031d05789e73
  CapacitorBrowser: f42210052d25867e64cda9ee28906ca830835ebe
  CapacitorCordova: 921bdb690ebe82421b24fce45552fd3dea2ae43a
  CapacitorKeyboard: ad22f33de28070c8e16ecb119084af06915724e2
  CapacitorSplashScreen: 1281f7df4d9b4a72bccab8d03e6b2bbd17dff122
  CapacitorStatusBar: b692a4cf12b3fe3a7b7ece86da62106065d78fdc

PODFILE CHECKSUM: 0a46e280eae8b991b9660927a97d47a304340a69

COCOAPODS: 1.16.2
